
Microsoft Visual Studio Solution File, Format Version 12.00
# Visual Studio 15
VisualStudioVersion = 15.0.26730.15
MinimumVisualStudioVersion = 10.0.40219.1
Project("{FAE04EC0-301F-11D3-BF4B-00C04F79EFBC}") = "GuildCars.UI", "GuildCars.UI\GuildCars.UI.csproj", "{C5E8F53D-312F-4438-993F-C42460ADC41B}"
EndProject
Project("{FAE04EC0-301F-11D3-BF4B-00C04F79EFBC}") = "GuildCars.Models", "GuildCars.Models\GuildCars.Models.csproj", "{014982FC-8FEC-4D8A-924B-52DCE8C27A9E}"
EndProject
Project("{FAE04EC0-301F-11D3-BF4B-00C04F79EFBC}") = "GuildCars.Datas", "GuildCars.Datas\GuildCars.Datas.csproj", "{C5F55EC9-F651-42BF-BE4A-5BEA57089E5E}"
EndProject
Project("{FAE04EC0-301F-11D3-BF4B-00C04F79EFBC}") = "GuildCars.Tests", "GuildCars.Tests\GuildCars.Tests.csproj", "{4E30DC6D-F09C-4040-ADDB-31A375F7A44D}"
EndProject
Project("{FAE04EC0-301F-11D3-BF4B-00C04F79EFBC}") = "GuildCars.API", "GuildCars.API\GuildCars.API.csproj", "{CA1F79E5-22DC-4DDF-B113-4535BCC62B98}"
EndProject
Global
	GlobalSection(SolutionConfigurationPlatforms) = preSolution
		Debug|Any CPU = Debug|Any CPU
		Release|Any CPU = Release|Any CPU
	EndGlobalSection
	GlobalSection(ProjectConfigurationPlatforms) = postSolution
		{C5E8F53D-312F-4438-993F-C42460ADC41B}.Debug|Any CPU.ActiveCfg = Debug|Any CPU
		{C5E8F53D-312F-4438-993F-C42460ADC41B}.Debug|Any CPU.Build.0 = Debug|Any CPU
		{C5E8F53D-312F-4438-993F-C42460ADC41B}.Release|Any CPU.ActiveCfg = Release|Any CPU
		{C5E8F53D-312F-4438-993F-C42460ADC41B}.Release|Any CPU.Build.0 = Release|Any CPU
		{014982FC-8FEC-4D8A-924B-52DCE8C27A9E}.Debug|Any CPU.ActiveCfg = Debug|Any CPU
		{014982FC-8FEC-4D8A-924B-52DCE8C27A9E}.Debug|Any CPU.Build.0 = Debug|Any CPU
		{014982FC-8FEC-4D8A-924B-52DCE8C27A9E}.Release|Any CPU.ActiveCfg = Release|Any CPU
		{014982FC-8FEC-4D8A-924B-52DCE8C27A9E}.Release|Any CPU.Build.0 = Release|Any CPU
		{C5F55EC9-F651-42BF-BE4A-5BEA57089E5E}.Debug|Any CPU.ActiveCfg = Debug|Any CPU
		{C5F55EC9-F651-42BF-BE4A-5BEA57089E5E}.Debug|Any CPU.Build.0 = Debug|Any CPU
		{C5F55EC9-F651-42BF-BE4A-5BEA57089E5E}.Release|Any CPU.ActiveCfg = Release|Any CPU
		{C5F55EC9-F651-42BF-BE4A-5BEA57089E5E}.Release|Any CPU.Build.0 = Release|Any CPU
		{4E30DC6D-F09C-4040-ADDB-31A375F7A44D}.Debug|Any CPU.ActiveCfg = Debug|Any CPU
		{4E30DC6D-F09C-4040-ADDB-31A375F7A44D}.Debug|Any CPU.Build.0 = Debug|Any CPU
		{4E30DC6D-F09C-4040-ADDB-31A375F7A44D}.Release|Any CPU.ActiveCfg = Release|Any CPU
		{4E30DC6D-F09C-4040-ADDB-31A375F7A44D}.Release|Any CPU.Build.0 = Release|Any CPU
		{CA1F79E5-22DC-4DDF-B113-4535BCC62B98}.Debug|Any CPU.ActiveCfg = Debug|Any CPU
		{CA1F79E5-22DC-4DDF-B113-4535BCC62B98}.Debug|Any CPU.Build.0 = Debug|Any CPU
		{CA1F79E5-22DC-4DDF-B113-4535BCC62B98}.Release|Any CPU.ActiveCfg = Release|Any CPU
		{CA1F79E5-22DC-4DDF-B113-4535BCC62B98}.Release|Any CPU.Build.0 = Release|Any CPU
	EndGlobalSection
	GlobalSection(SolutionProperties) = preSolution
		HideSolutionNode = FALSE
	EndGlobalSection
	GlobalSection(ExtensibilityGlobals) = postSolution
		SolutionGuid = {8C6FC190-50FE-471C-A3F7-A144260F9810}
	EndGlobalSection
EndGlobal
